
Microsoft Visual Studio Solution File, Format Version 12.00
# Visual Studio Version 17
VisualStudioVersion = 17.0.31903.59
MinimumVisualStudioVersion = 10.0.40219.1
Project("{FAE04EC0-301F-11D3-BF4B-00C04F79EFBC}") = "FeatureDemo", "FeatureDemo\FeatureDemo.csproj", "{6519A494-B310-4F3E-8129-59791F93370E}"
EndProject
Project("{FAE04EC0-301F-11D3-BF4B-00C04F79EFBC}") = "CoreObjectOrientedFeatures", "CoreObjectOrientedFeatures\CoreObjectOrientedFeatures.csproj", "{DF449AD3-CC3A-48E8-86D7-749E3CD1B55D}"
EndProject
Project("{FAE04EC0-301F-11D3-BF4B-00C04F79EFBC}") = "CSharp3FeaturesDemo", "CSharp3FeaturesDemo\CSharp3FeaturesDemo.csproj", "{78FDA8F5-910E-460C-9174-D91C55AC0FE7}"
EndProject
Project("{FAE04EC0-301F-11D3-BF4B-00C04F79EFBC}") = "GenericsDemo", "GenericsDemo\GenericsDemo.csproj", "{FE977389-EFBE-4107-9163-0D052AE806D6}"
EndProject
Project("{FAE04EC0-301F-11D3-BF4B-00C04F79EFBC}") = "CSharp4FeaturesDemo", "CSharp4FeaturesDemo\CSharp4FeaturesDemo.csproj", "{FC202DCF-1336-4576-9807-B6E9E7BCD579}"
EndProject
Project("{FAE04EC0-301F-11D3-BF4B-00C04F79EFBC}") = "AsyncAwaitDemo", "AsyncAwaitDemo\AsyncAwaitDemo.csproj", "{496B6ED7-B44F-400A-8D70-003DD0C1B30E}"
EndProject
Project("{FAE04EC0-301F-11D3-BF4B-00C04F79EFBC}") = "Workspace", "Workspace\Workspace.csproj", "{043F2D1B-B8A2-4E74-823F-FC67EA0FFE54}"
EndProject
<<<<<<< HEAD
Project("{FAE04EC0-301F-11D3-BF4B-00C04F79EFBC}") = "CSharp10FeaturesDemo", "CSharp10FeaturesDemo\CSharp10FeaturesDemo.csproj", "{4B6E1D1C-9A61-47B5-90EA-E14F75A84DB3}"
=======
Project("{FAE04EC0-301F-11D3-BF4B-00C04F79EFBC}") = "CSharp6FeaturesDemo", "CSharp6FeaturesDemo\CSharp6FeaturesDemo.csproj", "{E6B8C976-0A27-46FE-A0E2-3AC2B29B63EF}"
EndProject
Project("{FAE04EC0-301F-11D3-BF4B-00C04F79EFBC}") = "CSharp7FeaturesDemo", "CSharp7FeaturesDemo\CSharp7FeaturesDemo.csproj", "{B7B12F52-48DF-41E8-8BD5-903E832A0AFD}"
EndProject
Project("{FAE04EC0-301F-11D3-BF4B-00C04F79EFBC}") = "CSharp8FeaturesDemo", "CSharp8FeaturesDemo\CSharp8FeaturesDemo.csproj", "{3F644B8E-205D-431B-A271-7419E258DF67}"
EndProject
Project("{FAE04EC0-301F-11D3-BF4B-00C04F79EFBC}") = "CSharp9FeaturesDemo", "CSharp9FeaturesDemo\CSharp9FeaturesDemo.csproj", "{9E63072D-8D32-4D92-AF1D-DDB7D6DA46D4}"
>>>>>>> main
EndProject
Global
	GlobalSection(SolutionConfigurationPlatforms) = preSolution
		Debug|Any CPU = Debug|Any CPU
		Release|Any CPU = Release|Any CPU
	EndGlobalSection
	GlobalSection(SolutionProperties) = preSolution
		HideSolutionNode = FALSE
	EndGlobalSection
	GlobalSection(ProjectConfigurationPlatforms) = postSolution
		{6519A494-B310-4F3E-8129-59791F93370E}.Debug|Any CPU.ActiveCfg = Debug|Any CPU
		{6519A494-B310-4F3E-8129-59791F93370E}.Debug|Any CPU.Build.0 = Debug|Any CPU
		{6519A494-B310-4F3E-8129-59791F93370E}.Release|Any CPU.ActiveCfg = Release|Any CPU
		{6519A494-B310-4F3E-8129-59791F93370E}.Release|Any CPU.Build.0 = Release|Any CPU
		{DF449AD3-CC3A-48E8-86D7-749E3CD1B55D}.Debug|Any CPU.ActiveCfg = Debug|Any CPU
		{DF449AD3-CC3A-48E8-86D7-749E3CD1B55D}.Debug|Any CPU.Build.0 = Debug|Any CPU
		{DF449AD3-CC3A-48E8-86D7-749E3CD1B55D}.Release|Any CPU.ActiveCfg = Release|Any CPU
		{DF449AD3-CC3A-48E8-86D7-749E3CD1B55D}.Release|Any CPU.Build.0 = Release|Any CPU
		{78FDA8F5-910E-460C-9174-D91C55AC0FE7}.Debug|Any CPU.ActiveCfg = Debug|Any CPU
		{78FDA8F5-910E-460C-9174-D91C55AC0FE7}.Debug|Any CPU.Build.0 = Debug|Any CPU
		{78FDA8F5-910E-460C-9174-D91C55AC0FE7}.Release|Any CPU.ActiveCfg = Release|Any CPU
		{78FDA8F5-910E-460C-9174-D91C55AC0FE7}.Release|Any CPU.Build.0 = Release|Any CPU
		{FE977389-EFBE-4107-9163-0D052AE806D6}.Debug|Any CPU.ActiveCfg = Debug|Any CPU
		{FE977389-EFBE-4107-9163-0D052AE806D6}.Debug|Any CPU.Build.0 = Debug|Any CPU
		{FE977389-EFBE-4107-9163-0D052AE806D6}.Release|Any CPU.ActiveCfg = Release|Any CPU
		{FE977389-EFBE-4107-9163-0D052AE806D6}.Release|Any CPU.Build.0 = Release|Any CPU
		{FC202DCF-1336-4576-9807-B6E9E7BCD579}.Debug|Any CPU.ActiveCfg = Debug|Any CPU
		{FC202DCF-1336-4576-9807-B6E9E7BCD579}.Debug|Any CPU.Build.0 = Debug|Any CPU
		{FC202DCF-1336-4576-9807-B6E9E7BCD579}.Release|Any CPU.ActiveCfg = Release|Any CPU
		{FC202DCF-1336-4576-9807-B6E9E7BCD579}.Release|Any CPU.Build.0 = Release|Any CPU
		{496B6ED7-B44F-400A-8D70-003DD0C1B30E}.Debug|Any CPU.ActiveCfg = Debug|Any CPU
		{496B6ED7-B44F-400A-8D70-003DD0C1B30E}.Debug|Any CPU.Build.0 = Debug|Any CPU
		{496B6ED7-B44F-400A-8D70-003DD0C1B30E}.Release|Any CPU.ActiveCfg = Release|Any CPU
		{496B6ED7-B44F-400A-8D70-003DD0C1B30E}.Release|Any CPU.Build.0 = Release|Any CPU
		{043F2D1B-B8A2-4E74-823F-FC67EA0FFE54}.Debug|Any CPU.ActiveCfg = Debug|Any CPU
		{043F2D1B-B8A2-4E74-823F-FC67EA0FFE54}.Debug|Any CPU.Build.0 = Debug|Any CPU
		{043F2D1B-B8A2-4E74-823F-FC67EA0FFE54}.Release|Any CPU.ActiveCfg = Release|Any CPU
		{043F2D1B-B8A2-4E74-823F-FC67EA0FFE54}.Release|Any CPU.Build.0 = Release|Any CPU
		{4B6E1D1C-9A61-47B5-90EA-E14F75A84DB3}.Debug|Any CPU.ActiveCfg = Debug|Any CPU
		{4B6E1D1C-9A61-47B5-90EA-E14F75A84DB3}.Debug|Any CPU.Build.0 = Debug|Any CPU
		{4B6E1D1C-9A61-47B5-90EA-E14F75A84DB3}.Release|Any CPU.ActiveCfg = Release|Any CPU
		{4B6E1D1C-9A61-47B5-90EA-E14F75A84DB3}.Release|Any CPU.Build.0 = Release|Any CPU
		{E6B8C976-0A27-46FE-A0E2-3AC2B29B63EF}.Debug|Any CPU.ActiveCfg = Debug|Any CPU
		{E6B8C976-0A27-46FE-A0E2-3AC2B29B63EF}.Debug|Any CPU.Build.0 = Debug|Any CPU
		{E6B8C976-0A27-46FE-A0E2-3AC2B29B63EF}.Release|Any CPU.ActiveCfg = Release|Any CPU
		{E6B8C976-0A27-46FE-A0E2-3AC2B29B63EF}.Release|Any CPU.Build.0 = Release|Any CPU
		{B7B12F52-48DF-41E8-8BD5-903E832A0AFD}.Debug|Any CPU.ActiveCfg = Debug|Any CPU
		{B7B12F52-48DF-41E8-8BD5-903E832A0AFD}.Debug|Any CPU.Build.0 = Debug|Any CPU
		{B7B12F52-48DF-41E8-8BD5-903E832A0AFD}.Release|Any CPU.ActiveCfg = Release|Any CPU
		{B7B12F52-48DF-41E8-8BD5-903E832A0AFD}.Release|Any CPU.Build.0 = Release|Any CPU
		{3F644B8E-205D-431B-A271-7419E258DF67}.Debug|Any CPU.ActiveCfg = Debug|Any CPU
		{3F644B8E-205D-431B-A271-7419E258DF67}.Debug|Any CPU.Build.0 = Debug|Any CPU
		{3F644B8E-205D-431B-A271-7419E258DF67}.Release|Any CPU.ActiveCfg = Release|Any CPU
		{3F644B8E-205D-431B-A271-7419E258DF67}.Release|Any CPU.Build.0 = Release|Any CPU
		{9E63072D-8D32-4D92-AF1D-DDB7D6DA46D4}.Debug|Any CPU.ActiveCfg = Debug|Any CPU
		{9E63072D-8D32-4D92-AF1D-DDB7D6DA46D4}.Debug|Any CPU.Build.0 = Debug|Any CPU
		{9E63072D-8D32-4D92-AF1D-DDB7D6DA46D4}.Release|Any CPU.ActiveCfg = Release|Any CPU
		{9E63072D-8D32-4D92-AF1D-DDB7D6DA46D4}.Release|Any CPU.Build.0 = Release|Any CPU
>>>>>>> main
	EndGlobalSection
EndGlobal
